
Microsoft Visual Studio Solution File, Format Version 12.00
# Visual Studio Version 17
VisualStudioVersion = 17.11.35312.102
MinimumVisualStudioVersion = 10.0.40219.1
Project("{9A19103F-16F7-4668-BE54-9A1E7A4F7556}") = "ScreenshotMaker", "ScreenshotMaker.csproj", "{0BD53669-349B-4141-8F23-E682DF090B22}"
EndProject
Global
	GlobalSection(SolutionConfigurationPlatforms) = preSolution
		Debug|Any CPU = Debug|Any CPU
		Release|Any CPU = Release|Any CPU
	EndGlobalSection
	GlobalSection(ProjectConfigurationPlatforms) = postSolution
		{0BD53669-349B-4141-8F23-E682DF090B22}.Debug|Any CPU.ActiveCfg = Debug|Any CPU
		{0BD53669-349B-4141-8F23-E682DF090B22}.Debug|Any CPU.Build.0 = Debug|Any CPU
		{0BD53669-349B-4141-8F23-E682DF090B22}.Release|Any CPU.ActiveCfg = Release|Any CPU
		{0BD53669-349B-4141-8F23-E682DF090B22}.Release|Any CPU.Build.0 = Release|Any CPU
	EndGlobalSection
	GlobalSection(SolutionProperties) = preSolution
		HideSolutionNode = FALSE
	EndGlobalSection
	GlobalSection(ExtensibilityGlobals) = postSolution
		SolutionGuid = {C36ECE99-8E00-44DD-9991-FD1C7C7C4004}
	EndGlobalSection
EndGlobal
